{
  "name": "Site-TEORA-Solutions",
  "lockfileVersion": 3,
  "requires": true,
  "packages": {
    "": {
      "dependencies": {
        "@lottiefiles/dotlottie-web": "^0.61.0"
      }
    },
    "node_modules/@lottiefiles/dotlottie-web": {
      "version": "0.61.0",
      "resolved": "https://registry.npmjs.org/@lottiefiles/dotlottie-web/-/dotlottie-web-0.61.0.tgz",
      "integrity": "sha512-1QwcDchh/TXTvP9zXUHA5oJOdhEdUrn6U7gAiQ1AXEUrcK6PTU6v5D3byP76BK56fQjoY2WQ2A4pYDCCvoVRqw==",
      "license": "MIT"
    }
  }
}
